# THIS IS AN AUTOGENERATED FILE. DO NOT EDIT THIS FILE DIRECTLY.
# yarn lockfile v1


"@kwsites/exec-p@^0.4.0":
  version "0.4.0"
  resolved "https://registry.yarnpkg.com/@kwsites/exec-p/-/exec-p-0.4.0.tgz#ab3765d482849ba6e825721077c248cf9f3323b7"
  integrity sha512-44DWNv5gDR9EwrCTVQ4ZC99yPqVS0VCWrYIBl45qNR8XQy+4lbl0IQG8kBDf6NHwj4Ib4c2z1Fq1IUJOCbkZcw==

argv@^0.0.2:
  version "0.0.2"
  resolved "https://registry.yarnpkg.com/argv/-/argv-0.0.2.tgz#ecbd16f8949b157183711b1bda334f37840185ab"
  integrity sha1-7L0W+JSbFXGDcRsb2jNPN4QBhas=

debug@^4.0.1:
  version "4.1.1"
  resolved "https://registry.yarnpkg.com/debug/-/debug-4.1.1.tgz#3b72260255109c6b589cee050f1d516139664791"
  integrity sha512-pYAIzeRo8J6KPEaJ0VWOh5Pzkbw/RetuzehGM7QRRX5he4fPHx2rdKMB256ehJCkX+XRQm16eZLqLNS8RSZXZw==
  dependencies:
    ms "^2.1.1"

ms@^2.1.1:
  version "2.1.2"
  resolved "https://registry.yarnpkg.com/ms/-/ms-2.1.2.tgz#d09d1f357b443f493382a8eb3ccd183872ae6009"
  integrity sha512-sGkPx+VjMtmA6MX27oA4FBFELFCZZ4S4XqeGOXCv68tT+jb3vk/RyaKWP0PTKyWtmLSM0b+adUTEvbs1PEaH2w==

simple-git@^2.4.0:
  version "2.4.0"
  resolved "https://registry.yarnpkg.com/simple-git/-/simple-git-2.4.0.tgz#b7fe438ed9b818dd6f5f3ec240f2611a499d60d4"
  integrity sha512-lqeAiq+P7A7oIGIUllU1Jg9U2SHOdxzhnFU4p4yJdvNoR4O3lYGJCfaC4cGx//J7jkrE+FPs5dJR0JVg1wVwfQ==
  dependencies:
    "@kwsites/exec-p" "^0.4.0"
    debug "^4.0.1"
